
Microsoft Visual Studio Solution File, Format Version 12.00
# Visual Studio Version 17
VisualStudioVersion = 17.9.34622.214
MinimumVisualStudioVersion = 10.0.40219.1
Project("{9A19103F-16F7-4668-BE54-9A1E7A4F7556}") = "Api", "Api.csproj", "{FF1FCFC2-2EFA-446C-9673-AF288F72C169}"
EndProject
Project("{9A19103F-16F7-4668-BE54-9A1E7A4F7556}") = "Dal", "Dal\Dal.csproj", "{AECE8F18-16EA-4CF2-93D3-555DBCB49927}"
EndProject
Project("{9A19103F-16F7-4668-BE54-9A1E7A4F7556}") = "Core", "..\Libs\Core\Core.csproj", "{890E06C8-BFB2-44AD-B7D2-FD113222D27E}"
EndProject
Project("{FAE04EC0-301F-11D3-BF4B-00C04F79EFBC}") = "Logic", "..\Logic\Logic.csproj", "{AA504414-3DCD-4BCE-92F4-87BC27914D27}"
EndProject
Global
	GlobalSection(SolutionConfigurationPlatforms) = preSolution
		Debug|Any CPU = Debug|Any CPU
		Release|Any CPU = Release|Any CPU
	EndGlobalSection
	GlobalSection(ProjectConfigurationPlatforms) = postSolution
		{FF1FCFC2-2EFA-446C-9673-AF288F72C169}.Debug|Any CPU.ActiveCfg = Debug|Any CPU
		{FF1FCFC2-2EFA-446C-9673-AF288F72C169}.Debug|Any CPU.Build.0 = Debug|Any CPU
		{FF1FCFC2-2EFA-446C-9673-AF288F72C169}.Release|Any CPU.ActiveCfg = Release|Any CPU
		{FF1FCFC2-2EFA-446C-9673-AF288F72C169}.Release|Any CPU.Build.0 = Release|Any CPU
		{AECE8F18-16EA-4CF2-93D3-555DBCB49927}.Debug|Any CPU.ActiveCfg = Debug|Any CPU
		{AECE8F18-16EA-4CF2-93D3-555DBCB49927}.Debug|Any CPU.Build.0 = Debug|Any CPU
		{AECE8F18-16EA-4CF2-93D3-555DBCB49927}.Release|Any CPU.ActiveCfg = Release|Any CPU
		{AECE8F18-16EA-4CF2-93D3-555DBCB49927}.Release|Any CPU.Build.0 = Release|Any CPU
		{890E06C8-BFB2-44AD-B7D2-FD113222D27E}.Debug|Any CPU.ActiveCfg = Debug|Any CPU
		{890E06C8-BFB2-44AD-B7D2-FD113222D27E}.Debug|Any CPU.Build.0 = Debug|Any CPU
		{890E06C8-BFB2-44AD-B7D2-FD113222D27E}.Release|Any CPU.ActiveCfg = Release|Any CPU
		{890E06C8-BFB2-44AD-B7D2-FD113222D27E}.Release|Any CPU.Build.0 = Release|Any CPU
		{AA504414-3DCD-4BCE-92F4-87BC27914D27}.Debug|Any CPU.ActiveCfg = Debug|Any CPU
		{AA504414-3DCD-4BCE-92F4-87BC27914D27}.Debug|Any CPU.Build.0 = Debug|Any CPU
		{AA504414-3DCD-4BCE-92F4-87BC27914D27}.Release|Any CPU.ActiveCfg = Release|Any CPU
		{AA504414-3DCD-4BCE-92F4-87BC27914D27}.Release|Any CPU.Build.0 = Release|Any CPU
	EndGlobalSection
	GlobalSection(SolutionProperties) = preSolution
		HideSolutionNode = FALSE
	EndGlobalSection
	GlobalSection(ExtensibilityGlobals) = postSolution
		SolutionGuid = {ADDB13C1-4C72-4491-9F3E-84E6AE9BD59A}
	EndGlobalSection
EndGlobal
