
Microsoft Visual Studio Solution File, Format Version 12.00
# Visual Studio Version 17
VisualStudioVersion = 17.9.34607.119
MinimumVisualStudioVersion = 10.0.40219.1
Project("{9A19103F-16F7-4668-BE54-9A1E7A4F7556}") = "Api", "Api.csproj", "{34745CF0-F588-4F1E-8809-1E68C2A68786}"
EndProject
Project("{9A19103F-16F7-4668-BE54-9A1E7A4F7556}") = "Dal", "..\Dal\Dal.csproj", "{EF5CA4B6-1B74-43F8-8DB8-B5F54B8215B5}"
EndProject
Project("{9A19103F-16F7-4668-BE54-9A1E7A4F7556}") = "Logic", "..\Logic\Logic.csproj", "{22EEC014-18BE-446D-9EDE-4D75CDE17163}"
EndProject
Project("{9A19103F-16F7-4668-BE54-9A1E7A4F7556}") = "ConnectionLib", "..\..\Libs\ConnectionLib\ConnectionLib.csproj", "{DA71C995-4ABE-4C82-AED2-66AA703B5743}"
EndProject
Project("{9A19103F-16F7-4668-BE54-9A1E7A4F7556}") = "Core", "..\..\Libs\Core\Core.csproj", "{0C6BC5B9-06DB-4EEE-AEB1-5E8D440B764B}"
EndProject
Global
	GlobalSection(SolutionConfigurationPlatforms) = preSolution
		Debug|Any CPU = Debug|Any CPU
		Release|Any CPU = Release|Any CPU
	EndGlobalSection
	GlobalSection(ProjectConfigurationPlatforms) = postSolution
		{34745CF0-F588-4F1E-8809-1E68C2A68786}.Debug|Any CPU.ActiveCfg = Debug|Any CPU
		{34745CF0-F588-4F1E-8809-1E68C2A68786}.Debug|Any CPU.Build.0 = Debug|Any CPU
		{34745CF0-F588-4F1E-8809-1E68C2A68786}.Release|Any CPU.ActiveCfg = Release|Any CPU
		{34745CF0-F588-4F1E-8809-1E68C2A68786}.Release|Any CPU.Build.0 = Release|Any CPU
		{EF5CA4B6-1B74-43F8-8DB8-B5F54B8215B5}.Debug|Any CPU.ActiveCfg = Debug|Any CPU
		{EF5CA4B6-1B74-43F8-8DB8-B5F54B8215B5}.Debug|Any CPU.Build.0 = Debug|Any CPU
		{EF5CA4B6-1B74-43F8-8DB8-B5F54B8215B5}.Release|Any CPU.ActiveCfg = Release|Any CPU
		{EF5CA4B6-1B74-43F8-8DB8-B5F54B8215B5}.Release|Any CPU.Build.0 = Release|Any CPU
		{22EEC014-18BE-446D-9EDE-4D75CDE17163}.Debug|Any CPU.ActiveCfg = Debug|Any CPU
		{22EEC014-18BE-446D-9EDE-4D75CDE17163}.Debug|Any CPU.Build.0 = Debug|Any CPU
		{22EEC014-18BE-446D-9EDE-4D75CDE17163}.Release|Any CPU.ActiveCfg = Release|Any CPU
		{22EEC014-18BE-446D-9EDE-4D75CDE17163}.Release|Any CPU.Build.0 = Release|Any CPU
		{DA71C995-4ABE-4C82-AED2-66AA703B5743}.Debug|Any CPU.ActiveCfg = Debug|Any CPU
		{DA71C995-4ABE-4C82-AED2-66AA703B5743}.Debug|Any CPU.Build.0 = Debug|Any CPU
		{DA71C995-4ABE-4C82-AED2-66AA703B5743}.Release|Any CPU.ActiveCfg = Release|Any CPU
		{DA71C995-4ABE-4C82-AED2-66AA703B5743}.Release|Any CPU.Build.0 = Release|Any CPU
		{0C6BC5B9-06DB-4EEE-AEB1-5E8D440B764B}.Debug|Any CPU.ActiveCfg = Debug|Any CPU
		{0C6BC5B9-06DB-4EEE-AEB1-5E8D440B764B}.Debug|Any CPU.Build.0 = Debug|Any CPU
		{0C6BC5B9-06DB-4EEE-AEB1-5E8D440B764B}.Release|Any CPU.ActiveCfg = Release|Any CPU
		{0C6BC5B9-06DB-4EEE-AEB1-5E8D440B764B}.Release|Any CPU.Build.0 = Release|Any CPU
	EndGlobalSection
	GlobalSection(SolutionProperties) = preSolution
		HideSolutionNode = FALSE
	EndGlobalSection
	GlobalSection(ExtensibilityGlobals) = postSolution
		SolutionGuid = {4D64A985-05C2-4933-9E68-02230C14B38F}
	EndGlobalSection
EndGlobal
