
Microsoft Visual Studio Solution File, Format Version 12.00
# Visual Studio Version 17
VisualStudioVersion = 17.9.34607.119
MinimumVisualStudioVersion = 10.0.40219.1
Project("{9A19103F-16F7-4668-BE54-9A1E7A4F7556}") = "Api", "Api.csproj", "{C8416891-1547-41B2-879C-AABEF1BB9C22}"
EndProject
Project("{9A19103F-16F7-4668-BE54-9A1E7A4F7556}") = "Dal", "..\Dal\Dal.csproj", "{21473D89-F33D-4704-9E38-0B954D24508E}"
EndProject
Project("{9A19103F-16F7-4668-BE54-9A1E7A4F7556}") = "Logic", "..\Logic\Logic.csproj", "{E3C6E4FF-0B2F-44E7-A6C8-2E1F165700C4}"
EndProject
Project("{9A19103F-16F7-4668-BE54-9A1E7A4F7556}") = "Core", "..\..\Libs\Core\Core.csproj", "{C945A37F-6885-4BC9-B3B1-78FFA4F2BFD8}"
EndProject
Project("{9A19103F-16F7-4668-BE54-9A1E7A4F7556}") = "ConnectionLib", "..\..\Libs\ConnectionLib\ConnectionLib.csproj", "{2E4BFE1D-B195-4901-A6ED-0B6399722349}"
EndProject
Global
	GlobalSection(SolutionConfigurationPlatforms) = preSolution
		Debug|Any CPU = Debug|Any CPU
		Release|Any CPU = Release|Any CPU
	EndGlobalSection
	GlobalSection(ProjectConfigurationPlatforms) = postSolution
		{C8416891-1547-41B2-879C-AABEF1BB9C22}.Debug|Any CPU.ActiveCfg = Debug|Any CPU
		{C8416891-1547-41B2-879C-AABEF1BB9C22}.Debug|Any CPU.Build.0 = Debug|Any CPU
		{C8416891-1547-41B2-879C-AABEF1BB9C22}.Release|Any CPU.ActiveCfg = Release|Any CPU
		{C8416891-1547-41B2-879C-AABEF1BB9C22}.Release|Any CPU.Build.0 = Release|Any CPU
		{21473D89-F33D-4704-9E38-0B954D24508E}.Debug|Any CPU.ActiveCfg = Debug|Any CPU
		{21473D89-F33D-4704-9E38-0B954D24508E}.Debug|Any CPU.Build.0 = Debug|Any CPU
		{21473D89-F33D-4704-9E38-0B954D24508E}.Release|Any CPU.ActiveCfg = Release|Any CPU
		{21473D89-F33D-4704-9E38-0B954D24508E}.Release|Any CPU.Build.0 = Release|Any CPU
		{E3C6E4FF-0B2F-44E7-A6C8-2E1F165700C4}.Debug|Any CPU.ActiveCfg = Debug|Any CPU
		{E3C6E4FF-0B2F-44E7-A6C8-2E1F165700C4}.Debug|Any CPU.Build.0 = Debug|Any CPU
		{E3C6E4FF-0B2F-44E7-A6C8-2E1F165700C4}.Release|Any CPU.ActiveCfg = Release|Any CPU
		{E3C6E4FF-0B2F-44E7-A6C8-2E1F165700C4}.Release|Any CPU.Build.0 = Release|Any CPU
		{C945A37F-6885-4BC9-B3B1-78FFA4F2BFD8}.Debug|Any CPU.ActiveCfg = Debug|Any CPU
		{C945A37F-6885-4BC9-B3B1-78FFA4F2BFD8}.Debug|Any CPU.Build.0 = Debug|Any CPU
		{C945A37F-6885-4BC9-B3B1-78FFA4F2BFD8}.Release|Any CPU.ActiveCfg = Release|Any CPU
		{C945A37F-6885-4BC9-B3B1-78FFA4F2BFD8}.Release|Any CPU.Build.0 = Release|Any CPU
		{2E4BFE1D-B195-4901-A6ED-0B6399722349}.Debug|Any CPU.ActiveCfg = Debug|Any CPU
		{2E4BFE1D-B195-4901-A6ED-0B6399722349}.Debug|Any CPU.Build.0 = Debug|Any CPU
		{2E4BFE1D-B195-4901-A6ED-0B6399722349}.Release|Any CPU.ActiveCfg = Release|Any CPU
		{2E4BFE1D-B195-4901-A6ED-0B6399722349}.Release|Any CPU.Build.0 = Release|Any CPU
	EndGlobalSection
	GlobalSection(SolutionProperties) = preSolution
		HideSolutionNode = FALSE
	EndGlobalSection
	GlobalSection(ExtensibilityGlobals) = postSolution
		SolutionGuid = {4D64A985-05C2-4933-9E68-02230C14B38F}
	EndGlobalSection
EndGlobal
